// !$*UTF8*$!
{
	archiveVersion = 1;
	classes = {
	};
	objectVersion = 50;
	objects = {

/* Begin PBXBuildFile section */
		49901A37246F78BE0009D1E8 /* AppDelegate.swift in Sources */ = {isa = PBXBuildFile; fileRef = 49901A36246F78BE0009D1E8 /* AppDelegate.swift */; };
		49901A39246F78BE0009D1E8 /* SceneDelegate.swift in Sources */ = {isa = PBXBuildFile; fileRef = 49901A38246F78BE0009D1E8 /* SceneDelegate.swift */; };
		49901A3E246F78BE0009D1E8 /* Main.storyboard in Resources */ = {isa = PBXBuildFile; fileRef = 49901A3C246F78BE0009D1E8 /* Main.storyboard */; };
		49901A40246F78C00009D1E8 /* Assets.xcassets in Resources */ = {isa = PBXBuildFile; fileRef = 49901A3F246F78C00009D1E8 /* Assets.xcassets */; };
		49901A43246F78C00009D1E8 /* LaunchScreen.storyboard in Resources */ = {isa = PBXBuildFile; fileRef = 49901A41246F78C00009D1E8 /* LaunchScreen.storyboard */; };
		49901A4E246F79500009D1E8 /* FriendListVC.swift in Sources */ = {isa = PBXBuildFile; fileRef = 49901A4D246F79500009D1E8 /* FriendListVC.swift */; };
		49901A52246F7DD30009D1E8 /* FriendListTVC.swift in Sources */ = {isa = PBXBuildFile; fileRef = 49901A51246F7DD30009D1E8 /* FriendListTVC.swift */; };
		49901A54246F80BA0009D1E8 /* FriendData.swift in Sources */ = {isa = PBXBuildFile; fileRef = 49901A53246F80BA0009D1E8 /* FriendData.swift */; };
		49901A56246F848A0009D1E8 /* FriendDetailVC.swift in Sources */ = {isa = PBXBuildFile; fileRef = 49901A55246F848A0009D1E8 /* FriendDetailVC.swift */; };
		83A5C4A02477CBB300389A0A /* AddFriendByIdVC.swift in Sources */ = {isa = PBXBuildFile; fileRef = 83A5C49F2477CBB300389A0A /* AddFriendByIdVC.swift */; };
		83A5C4A22477CCBF00389A0A /* Utils.swift in Sources */ = {isa = PBXBuildFile; fileRef = 83A5C4A12477CCBF00389A0A /* Utils.swift */; };
		83A5C4A42477CE7A00389A0A /* ChattingVC.swift in Sources */ = {isa = PBXBuildFile; fileRef = 83A5C4A32477CE7A00389A0A /* ChattingVC.swift */; };
		83A5C4A62477D30100389A0A /* MyProfileVC.swift in Sources */ = {isa = PBXBuildFile; fileRef = 83A5C4A52477D30100389A0A /* MyProfileVC.swift */; };
/* End PBXBuildFile section */

/* Begin PBXFileReference section */
		49901A33246F78BE0009D1E8 /* week2-practice.app */ = {isa = PBXFileReference; explicitFileType = wrapper.application; includeInIndex = 0; path = "week2-practice.app"; sourceTree = BUILT_PRODUCTS_DIR; };
		49901A36246F78BE0009D1E8 /* AppDelegate.swift */ = {isa = PBXFileReference; lastKnownFileType = sourcecode.swift; path = AppDelegate.swift; sourceTree = "<group>"; };
		49901A38246F78BE0009D1E8 /* SceneDelegate.swift */ = {isa = PBXFileReference; lastKnownFileType = sourcecode.swift; path = SceneDelegate.swift; sourceTree = "<group>"; };
		49901A3D246F78BE0009D1E8 /* Base */ = {isa = PBXFileReference; lastKnownFileType = file.storyboard; name = Base; path = Base.lproj/Main.storyboard; sourceTree = "<group>"; };
		49901A3F246F78C00009D1E8 /* Assets.xcassets */ = {isa = PBXFileReference; lastKnownFileType = folder.assetcatalog; path = Assets.xcassets; sourceTree = "<group>"; };
		49901A42246F78C00009D1E8 /* Base */ = {isa = PBXFileReference; lastKnownFileType = file.storyboard; name = Base; path = Base.lproj/LaunchScreen.storyboard; sourceTree = "<group>"; };
		49901A44246F78C00009D1E8 /* Info.plist */ = {isa = PBXFileReference; lastKnownFileType = text.plist.xml; path = Info.plist; sourceTree = "<group>"; };
		49901A4D246F79500009D1E8 /* FriendListVC.swift */ = {isa = PBXFileReference; lastKnownFileType = sourcecode.swift; path = FriendListVC.swift; sourceTree = "<group>"; };
		49901A51246F7DD30009D1E8 /* FriendListTVC.swift */ = {isa = PBXFileReference; lastKnownFileType = sourcecode.swift; path = FriendListTVC.swift; sourceTree = "<group>"; };
		49901A53246F80BA0009D1E8 /* FriendData.swift */ = {isa = PBXFileReference; lastKnownFileType = sourcecode.swift; path = FriendData.swift; sourceTree = "<group>"; };
		49901A55246F848A0009D1E8 /* FriendDetailVC.swift */ = {isa = PBXFileReference; lastKnownFileType = sourcecode.swift; path = FriendDetailVC.swift; sourceTree = "<group>"; };
		83A5C49F2477CBB300389A0A /* AddFriendByIdVC.swift */ = {isa = PBXFileReference; lastKnownFileType = sourcecode.swift; path = AddFriendByIdVC.swift; sourceTree = "<group>"; };
		83A5C4A12477CCBF00389A0A /* Utils.swift */ = {isa = PBXFileReference; lastKnownFileType = sourcecode.swift; path = Utils.swift; sourceTree = "<group>"; };
		83A5C4A32477CE7A00389A0A /* ChattingVC.swift */ = {isa = PBXFileReference; lastKnownFileType = sourcecode.swift; path = ChattingVC.swift; sourceTree = "<group>"; };
		83A5C4A52477D30100389A0A /* MyProfileVC.swift */ = {isa = PBXFileReference; lastKnownFileType = sourcecode.swift; path = MyProfileVC.swift; sourceTree = "<group>"; };
/* End PBXFileReference section */

/* Begin PBXFrameworksBuildPhase section */
		49901A30246F78BE0009D1E8 /* Frameworks */ = {
			isa = PBXFrameworksBuildPhase;
			buildActionMask = 2147483647;
			files = (
			);
			runOnlyForDeploymentPostprocessing = 0;
		};
/* End PBXFrameworksBuildPhase section */

/* Begin PBXGroup section */
		49901A2A246F78BE0009D1E8 = {
			isa = PBXGroup;
			children = (
				49901A35246F78BE0009D1E8 /* week2-practice */,
				49901A34246F78BE0009D1E8 /* Products */,
			);
			sourceTree = "<group>";
		};
		49901A34246F78BE0009D1E8 /* Products */ = {
			isa = PBXGroup;
			children = (
				49901A33246F78BE0009D1E8 /* week2-practice.app */,
			);
			name = Products;
			sourceTree = "<group>";
		};
		49901A35246F78BE0009D1E8 /* week2-practice */ = {
			isa = PBXGroup;
			children = (
				49901A4C246F79210009D1E8 /* ViewController */,
				49901A4B246F79170009D1E8 /* TableViewCell */,
				49901A4A246F790A0009D1E8 /* Data */,
				49901A36246F78BE0009D1E8 /* AppDelegate.swift */,
				49901A38246F78BE0009D1E8 /* SceneDelegate.swift */,
				49901A3C246F78BE0009D1E8 /* Main.storyboard */,
				49901A3F246F78C00009D1E8 /* Assets.xcassets */,
				49901A41246F78C00009D1E8 /* LaunchScreen.storyboard */,
				49901A44246F78C00009D1E8 /* Info.plist */,
				83A5C4A12477CCBF00389A0A /* Utils.swift */,
			);
			path = "week2-practice";
			sourceTree = "<group>";
		};
		49901A4A246F790A0009D1E8 /* Data */ = {
			isa = PBXGroup;
			children = (
				49901A53246F80BA0009D1E8 /* FriendData.swift */,
			);
			path = Data;
			sourceTree = "<group>";
		};
		49901A4B246F79170009D1E8 /* TableViewCell */ = {
			isa = PBXGroup;
			children = (
				49901A51246F7DD30009D1E8 /* FriendListTVC.swift */,
			);
			path = TableViewCell;
			sourceTree = "<group>";
		};
		49901A4C246F79210009D1E8 /* ViewController */ = {
			isa = PBXGroup;
			children = (
				49901A4D246F79500009D1E8 /* FriendListVC.swift */,
				49901A55246F848A0009D1E8 /* FriendDetailVC.swift */,
				83A5C49F2477CBB300389A0A /* AddFriendByIdVC.swift */,
				83A5C4A32477CE7A00389A0A /* ChattingVC.swift */,
				83A5C4A52477D30100389A0A /* MyProfileVC.swift */,
			);
			path = ViewController;
			sourceTree = "<group>";
		};
/* End PBXGroup section */

/* Begin PBXNativeTarget section */
		49901A32246F78BE0009D1E8 /* week2-practice */ = {
			isa = PBXNativeTarget;
			buildConfigurationList = 49901A47246F78C00009D1E8 /* Build configuration list for PBXNativeTarget "week2-practice" */;
			buildPhases = (
				49901A2F246F78BE0009D1E8 /* Sources */,
				49901A30246F78BE0009D1E8 /* Frameworks */,
				49901A31246F78BE0009D1E8 /* Resources */,
			);
			buildRules = (
			);
			dependencies = (
			);
			name = "week2-practice";
			productName = "week2-practice";
			productReference = 49901A33246F78BE0009D1E8 /* week2-practice.app */;
			productType = "com.apple.product-type.application";
		};
/* End PBXNativeTarget section */

/* Begin PBXProject section */
		49901A2B246F78BE0009D1E8 /* Project object */ = {
			isa = PBXProject;
			attributes = {
				LastSwiftUpdateCheck = 1140;
				LastUpgradeCheck = 1140;
				ORGANIZATIONNAME = "김태형";
				TargetAttributes = {
					49901A32246F78BE0009D1E8 = {
						CreatedOnToolsVersion = 11.4.1;
					};
				};
			};
			buildConfigurationList = 49901A2E246F78BE0009D1E8 /* Build configuration list for PBXProject "week2-practice" */;
			compatibilityVersion = "Xcode 9.3";
			developmentRegion = en;
			hasScannedForEncodings = 0;
			knownRegions = (
				en,
				Base,
			);
			mainGroup = 49901A2A246F78BE0009D1E8;
			productRefGroup = 49901A34246F78BE0009D1E8 /* Products */;
			projectDirPath = "";
			projectRoot = "";
			targets = (
				49901A32246F78BE0009D1E8 /* week2-practice */,
			);
		};
/* End PBXProject section */

/* Begin PBXResourcesBuildPhase section */
		49901A31246F78BE0009D1E8 /* Resources */ = {
			isa = PBXResourcesBuildPhase;
			buildActionMask = 2147483647;
			files = (
				49901A43246F78C00009D1E8 /* LaunchScreen.storyboard in Resources */,
				49901A40246F78C00009D1E8 /* Assets.xcassets in Resources */,
				49901A3E246F78BE0009D1E8 /* Main.storyboard in Resources */,
			);
			runOnlyForDeploymentPostprocessing = 0;
		};
/* End PBXResourcesBuildPhase section */

/* Begin PBXSourcesBuildPhase section */
		49901A2F246F78BE0009D1E8 /* Sources */ = {
			isa = PBXSourcesBuildPhase;
			buildActionMask = 2147483647;
			files = (
				49901A37246F78BE0009D1E8 /* AppDelegate.swift in Sources */,
				49901A54246F80BA0009D1E8 /* FriendData.swift in Sources */,
				83A5C4A62477D30100389A0A /* MyProfileVC.swift in Sources */,
				49901A39246F78BE0009D1E8 /* SceneDelegate.swift in Sources */,
				49901A56246F848A0009D1E8 /* FriendDetailVC.swift in Sources */,
				83A5C4A02477CBB300389A0A /* AddFriendByIdVC.swift in Sources */,
				49901A4E246F79500009D1E8 /* FriendListVC.swift in Sources */,
				49901A52246F7DD30009D1E8 /* FriendListTVC.swift in Sources */,
				83A5C4A42477CE7A00389A0A /* ChattingVC.swift in Sources */,
				83A5C4A22477CCBF00389A0A /* Utils.swift in Sources */,
			);
			runOnlyForDeploymentPostprocessing = 0;
		};
/* End PBXSourcesBuildPhase section */

/* Begin PBXVariantGroup section */
		49901A3C246F78BE0009D1E8 /* Main.storyboard */ = {
			isa = PBXVariantGroup;
			children = (
				49901A3D246F78BE0009D1E8 /* Base */,
			);
			name = Main.storyboard;
			sourceTree = "<group>";
		};
		49901A41246F78C00009D1E8 /* LaunchScreen.storyboard */ = {
			isa = PBXVariantGroup;
			children = (
				49901A42246F78C00009D1E8 /* Base */,
			);
			name = LaunchScreen.storyboard;
			sourceTree = "<group>";
		};
/* End PBXVariantGroup section */

/* Begin XCBuildConfiguration section */
		49901A45246F78C00009D1E8 /* Debug */ = {
			isa = XCBuildConfiguration;
			buildSettings = {
				ALWAYS_SEARCH_USER_PATHS = NO;
				CLANG_ANALYZER_NONNULL = YES;
				CLANG_ANALYZER_NUMBER_OBJECT_CONVERSION = YES_AGGRESSIVE;
				CLANG_CXX_LANGUAGE_STANDARD = "gnu++14";
				CLANG_CXX_LIBRARY = "libc++";
				CLANG_ENABLE_MODULES = YES;
				CLANG_ENABLE_OBJC_ARC = YES;
				CLANG_ENABLE_OBJC_WEAK = YES;
				CLANG_WARN_BLOCK_CAPTURE_AUTORELEASING = YES;
				CLANG_WARN_BOOL_CONVERSION = YES;
				CLANG_WARN_COMMA = YES;
				CLANG_WARN_CONSTANT_CONVERSION = YES;
				CLANG_WARN_DEPRECATED_OBJC_IMPLEMENTATIONS = YES;
				CLANG_WARN_DIRECT_OBJC_ISA_USAGE = YES_ERROR;
				CLANG_WARN_DOCUMENTATION_COMMENTS = YES;
				CLANG_WARN_EMPTY_BODY = YES;
				CLANG_WARN_ENUM_CONVERSION = YES;
				CLANG_WARN_INFINITE_RECURSION = YES;
				CLANG_WARN_INT_CONVERSION = YES;
				CLANG_WARN_NON_LITERAL_NULL_CONVERSION = YES;
				CLANG_WARN_OBJC_IMPLICIT_RETAIN_SELF = YES;
				CLANG_WARN_OBJC_LITERAL_CONVERSION = YES;
				CLANG_WARN_OBJC_ROOT_CLASS = YES_ERROR;
				CLANG_WARN_RANGE_LOOP_ANALYSIS = YES;
				CLANG_WARN_STRICT_PROTOTYPES = YES;
				CLANG_WARN_SUSPICIOUS_MOVE = YES;
				CLANG_WARN_UNGUARDED_AVAILABILITY = YES_AGGRESSIVE;
				CLANG_WARN_UNREACHABLE_CODE = YES;
				CLANG_WARN__DUPLICATE_METHOD_MATCH = YES;
				COPY_PHASE_STRIP = NO;
				DEBUG_INFORMATION_FORMAT = dwarf;
				ENABLE_STRICT_OBJC_MSGSEND = YES;
				ENABLE_TESTABILITY = YES;
				GCC_C_LANGUAGE_STANDARD = gnu11;
				GCC_DYNAMIC_NO_PIC = NO;
				GCC_NO_COMMON_BLOCKS = YES;
				GCC_OPTIMIZATION_LEVEL = 0;
				GCC_PREPROCESSOR_DEFINITIONS = (
					"DEBUG=1",
					"$(inherited)",
				);
				GCC_WARN_64_TO_32_BIT_CONVERSION = YES;
				GCC_WARN_ABOUT_RETURN_TYPE = YES_ERROR;
				GCC_WARN_UNDECLARED_SELECTOR = YES;
				GCC_WARN_UNINITIALIZED_AUTOS = YES_AGGRESSIVE;
				GCC_WARN_UNUSED_FUNCTION = YES;
				GCC_WARN_UNUSED_VARIABLE = YES;
				IPHONEOS_DEPLOYMENT_TARGET = 13.4;
				MTL_ENABLE_DEBUG_INFO = INCLUDE_SOURCE;
				MTL_FAST_MATH = YES;
				ONLY_ACTIVE_ARCH = YES;
				SDKROOT = iphoneos;
				SWIFT_ACTIVE_COMPILATION_CONDITIONS = DEBUG;
				SWIFT_OPTIMIZATION_LEVEL = "-Onone";
			};
			name = Debug;
		};
		49901A46246F78C00009D1E8 /* Release */ = {
			isa = XCBuildConfiguration;
			buildSettings = {
				ALWAYS_SEARCH_USER_PATHS = NO;
				CLANG_ANALYZER_NONNULL = YES;
				CLANG_ANALYZER_NUMBER_OBJECT_CONVERSION = YES_AGGRESSIVE;
				CLANG_CXX_LANGUAGE_STANDARD = "gnu++14";
				CLANG_CXX_LIBRARY = "libc++";
				CLANG_ENABLE_MODULES = YES;
				CLANG_ENABLE_OBJC_ARC = YES;
				CLANG_ENABLE_OBJC_WEAK = YES;
				CLANG_WARN_BLOCK_CAPTURE_AUTORELEASING = YES;
				CLANG_WARN_BOOL_CONVERSION = YES;
				CLANG_WARN_COMMA = YES;
				CLANG_WARN_CONSTANT_CONVERSION = YES;
				CLANG_WARN_DEPRECATED_OBJC_IMPLEMENTATIONS = YES;
				CLANG_WARN_DIRECT_OBJC_ISA_USAGE = YES_ERROR;
				CLANG_WARN_DOCUMENTATION_COMMENTS = YES;
				CLANG_WARN_EMPTY_BODY = YES;
				CLANG_WARN_ENUM_CONVERSION = YES;
				CLANG_WARN_INFINITE_RECURSION = YES;
				CLANG_WARN_INT_CONVERSION = YES;
				CLANG_WARN_NON_LITERAL_NULL_CONVERSION = YES;
				CLANG_WARN_OBJC_IMPLICIT_RETAIN_SELF = YES;
				CLANG_WARN_OBJC_LITERAL_CONVERSION = YES;
				CLANG_WARN_OBJC_ROOT_CLASS = YES_ERROR;
				CLANG_WARN_RANGE_LOOP_ANALYSIS = YES;
				CLANG_WARN_STRICT_PROTOTYPES = YES;
				CLANG_WARN_SUSPICIOUS_MOVE = YES;
				CLANG_WARN_UNGUARDED_AVAILABILITY = YES_AGGRESSIVE;
				CLANG_WARN_UNREACHABLE_CODE = YES;
				CLANG_WARN__DUPLICATE_METHOD_MATCH = YES;
				COPY_PHASE_STRIP = NO;
				DEBUG_INFORMATION_FORMAT = "dwarf-with-dsym";
				ENABLE_NS_ASSERTIONS = NO;
				ENABLE_STRICT_OBJC_MSGSEND = YES;
				GCC_C_LANGUAGE_STANDARD = gnu11;
				GCC_NO_COMMON_BLOCKS = YES;
				GCC_WARN_64_TO_32_BIT_CONVERSION = YES;
				GCC_WARN_ABOUT_RETURN_TYPE = YES_ERROR;
				GCC_WARN_UNDECLARED_SELECTOR = YES;
				GCC_WARN_UNINITIALIZED_AUTOS = YES_AGGRESSIVE;
				GCC_WARN_UNUSED_FUNCTION = YES;
				GCC_WARN_UNUSED_VARIABLE = YES;
				IPHONEOS_DEPLOYMENT_TARGET = 13.4;
				MTL_ENABLE_DEBUG_INFO = NO;
				MTL_FAST_MATH = YES;
				SDKROOT = iphoneos;
				SWIFT_COMPILATION_MODE = wholemodule;
				SWIFT_OPTIMIZATION_LEVEL = "-O";
				VALIDATE_PRODUCT = YES;
			};
			name = Release;
		};
		49901A48246F78C00009D1E8 /* Debug */ = {
			isa = XCBuildConfiguration;
			buildSettings = {
				ASSETCATALOG_COMPILER_APPICON_NAME = AppIcon;
				CODE_SIGN_STYLE = Automatic;
				INFOPLIST_FILE = "week2-practice/Info.plist";
				LD_RUNPATH_SEARCH_PATHS = (
					"$(inherited)",
					"@executable_path/Frameworks",
				);
				PRODUCT_BUNDLE_IDENTIFIER = "uuzaza.week2-practice";
				PRODUCT_NAME = "$(TARGET_NAME)";
				SWIFT_VERSION = 5.0;
				TARGETED_DEVICE_FAMILY = "1,2";
			};
			name = Debug;
		};
		49901A49246F78C00009D1E8 /* Release */ = {
			isa = XCBuildConfiguration;
			buildSettings = {
				ASSETCATALOG_COMPILER_APPICON_NAME = AppIcon;
				CODE_SIGN_STYLE = Automatic;
				INFOPLIST_FILE = "week2-practice/Info.plist";
				LD_RUNPATH_SEARCH_PATHS = (
					"$(inherited)",
					"@executable_path/Frameworks",
				);
				PRODUCT_BUNDLE_IDENTIFIER = "uuzaza.week2-practice";
				PRODUCT_NAME = "$(TARGET_NAME)";
				SWIFT_VERSION = 5.0;
				TARGETED_DEVICE_FAMILY = "1,2";
			};
			name = Release;
		};
/* End XCBuildConfiguration section */

/* Begin XCConfigurationList section */
		49901A2E246F78BE0009D1E8 /* Build configuration list for PBXProject "week2-practice" */ = {
			isa = XCConfigurationList;
			buildConfigurations = (
				49901A45246F78C00009D1E8 /* Debug */,
				49901A46246F78C00009D1E8 /* Release */,
			);
			defaultConfigurationIsVisible = 0;
			defaultConfigurationName = Release;
		};
		49901A47246F78C00009D1E8 /* Build configuration list for PBXNativeTarget "week2-practice" */ = {
			isa = XCConfigurationList;
			buildConfigurations = (
				49901A48246F78C00009D1E8 /* Debug */,
				49901A49246F78C00009D1E8 /* Release */,
			);
			defaultConfigurationIsVisible = 0;
			defaultConfigurationName = Release;
		};
/* End XCConfigurationList section */
	};
	rootObject = 49901A2B246F78BE0009D1E8 /* Project object */;
}
